buf.build/gen/go/bufbuild/protovalidate/protocolbuffers/go v1.36.12-20260825204119-511051f7f437.1 h1:Slv0uGxx219srASyiaI5C9cDlyG8kNDcXpTSYcuAeE4=
buf.build/gen/go/bufbuild/protovalidate/protocolbuffers/go v1.36.12-20260825204119-511051f7f437.1/go.mod h1:TCt1lluMFnctISJXvkIQ4x3ABrPuUKCWKyjKdkJNBpw=
connectrpc.com/connect v1.20.0 h1:6TNDAB+WeNd2uolWNlYczB5E0KNNaVMNUEx8JEUsPmQ=
connectrpc.com/connect v1.20.0/go.mod h1:A2ygJrukXwWy32vkCAAHNVguZrqZ+jeZ9rGRnGR4dN4=
github.com/aws/aws-sdk-go-v2 v1.43.8 h1:fpnrxwuwsoGIgjvgLeDU3y9w7YaHBxyF6AF3vQL8duw=
github.com/aws/aws-sdk-go-v2 v1.43.8/go.mod h1:j7gYSq8dL95QejkFXxvQNESH4I9WGHFI6iO+vhqEi5Q=
github.com/aws/aws-sdk-go-v2/internal/configsources v1.4.39 h1:YrEI22hVQcqMpq934ZoPQyJjGNzX4CGdrSDCjBD59sI=
github.com/aws/aws-sdk-go-v2/internal/configsources v1.4.39/go.mod h1:N8qOX83LkaCeizvrfiNjwkBOXkxHt6a74CiZn8qz9F8=
github.com/aws/aws-sdk-go-v2/internal/endpoints/v2 v2.7.39 h1:Vo7UZzBjB6zS6feEOuBlpEgaj8iBTdiNlye+7w9ooGo=
github.com/aws/aws-sdk-go-v2/internal/endpoints/v2 v2.7.39/go.mod h1:JgxtAO/77e95Rs9WMWUzz99hT182gqdAh7/DHuEMA/k=
github.com/aws/aws-sdk-go-v2/internal/v4a v1.4.40 h1:oofDq8Y5M82fmDrxb8gsbP0LS73MqZ388qKVgs5ETYI=
github.com/aws/aws-sdk-go-v2/internal/v4a v1.4.40/go.mod h1:LSfLmbvx50+T+/DoUZRqB1qS38v7lvNUebqIpidAWYM=
github.com/aws/aws-sdk-go-v2/service/internal/accept-encoding v1.13.18 h1:+fiwOxNdE8bOK3SoVTln8hwP+OCyArbi2/InIr/A9AU=
github.com/aws/aws-sdk-go-v2/service/internal/accept-encoding v1.13.18/go.mod h1:aua4m7EZSvQra/96b8zJxWHwtHxuXQ8bx4DiM92V044=
github.com/aws/aws-sdk-go-v2/service/internal/presigned-url v1.13.39 h1:inoUrqz4Lfpw1XwpUvQnBiAJ2tUzn3opZ0gduNLxo+8=
github.com/aws/aws-sdk-go-v2/service/internal/presigned-url v1.13.39/go.mod h1:Yx+RrmAF+XGZTccwhQ3o4K5V8qkZBsTAcq148Y8g57k=
github.com/aws/aws-sdk-go-v2/service/sts v1.45.8 h1:oQrmuqpBAExYPEPJp8dkj9KLmc0y42iwvAV28OwlzF0=
github.com/aws/aws-sdk-go-v2/service/sts v1.45.8/go.mod h1:qNTXKrmzx2cC6VmM7PxHNasBMWKx3mfxgzcbVjcWVAU=
github.com/aws/smithy-go v1.28.0 h1:hwfPnN99NWCkjNmfzTixXFopyjBLUe9KTdRcRGxwZd4=
github.com/aws/smithy-go v1.28.0/go.mod h1:YE2RhdIuDbA5E5bTdciG9KrW3+TiEONeUWCqxX9i1Fc=
github.com/davecgh/go-spew v1.1.1 h1:vj9j/u1bqnvCEfJOwUhtlOARqs3+rkHYY13jYWTU97c=
github.com/davecgh/go-spew v1.1.1/go.mod h1:J7Y8YcW2NihsgmVo/mv3lAwl/skON4iLHjSsI+c5H38=
github.com/formalco/typeid v0.1.0 h1:szJw5pc4HZ5JJDaYK/Qvo1Mg6qOcZsIOYeB1C0K8IH4=
github.com/formalco/typeid v0.1.0/go.mod h1:mB7UEXDVKkqpVLxblxsxTmRdPu1LVdQsx4WZGFmhCwk=
github.com/gofrs/uuid/v5 v5.0.0 h1:p544++a97kEL+svbcFbCQVM9KFu0Yo25UoISXGNNH9M=
github.com/gofrs/uuid/v5 v5.0.0/go.mod h1:CDOjlDMVAtN56jqyRUZh58JT31Tiw7/oQyEXZV+9bD8=
github.com/google/go-cmp v0.7.0 h1:wk8382ETsv4JYUZwIsn6YpYiWiBsYLSJiTsyBybVuN8=
github.com/google/go-cmp v0.7.0/go.mod h1:pXiqmnSA92OHEEa9HXL2W4E7lf9JzCmGVUdgjX3N/iU=
github.com/pmezard/go-difflib v1.0.0 h1:4DBwDE0NGyQoBHbLQYPwSUPoCMWR5BEzIk/f1lZbAQM=
github.com/pmezard/go-difflib v1.0.0/go.mod h1:iKH77koFhYxTK1pcRnkKkqfTogsbg7gZNVY4sRDYZ/4=
github.com/stretchr/testify v1.8.4 h1:CcVxjf3Q8PM0mHUKJCdn+eZZtm5yQwehR5yeSVQQcUk=
github.com/stretchr/testify v1.8.4/go.mod h1:sz/lmYIOXD/1dqDmKjjqLyZ2RngseejIcXlSw2iwfAo=
google.golang.org/genproto/googleapis/api v0.0.0-20260825221802-da73d73af1c5 h1:izFU9hz7aeLI/Mi1J0991ae+xcwRLr7hTqWnB/9aIIU=
google.golang.org/genproto/googleapis/api v0.0.0-20260825221802-da73d73af1c5/go.mod h1:3LhxRw4YYkf+ylAfgaY9JlVLFKhokkCV8duhLLe7+t0=
google.golang.org/protobuf v1.36.12 h1:pJOKDDOyeXErUroCihFAd5LQuwXBSpVnKGrj5o/fwxc=
google.golang.org/protobuf v1.36.12/go.mod h1:HTf+CrKn2C3g5S8VImy6tdcUvCska2kB7j23XfzDpco=
gopkg.in/yaml.v2 v2.4.0 h1:D8xgwECY7CYvx+Y2n4sBz93Jn9JRvxdiyyo8CTfuKaY=
gopkg.in/yaml.v2 v2.4.0/go.mod h1:RDklbk79AGWmwhnvt/jBztapEOGDOx6ZbXqjP6csGnQ=
gopkg.in/yaml.v3 v3.0.1 h1:fxVm/GzAzEWqLHuvctI91KS9hhNmmWOoWu0XTYJS7CA=
gopkg.in/yaml.v3 v3.0.1/go.mod h1:K4uyk7z7BCEPqu6E+C64Yfv1cQ7kz7rIZviUmN+EgEM=
