buf.build/gen/go/bufbuild/protovalidate/protocolbuffers/go v1.36.0-20241127180247-a33202765966.1 h1:ntAj16eF7AtUyzOOAFk5gvbAO52QmUKPKk7GmsIEORo=
buf.build/gen/go/bufbuild/protovalidate/protocolbuffers/go v1.36.0-20241127180247-a33202765966.1/go.mod h1:AxRT+qTj5PJCz2nyQzsR/qxAcveW5USRhJTt/edTO5w=
buf.build/gen/go/bufbuild/protovalidate/protocolbuffers/go v1.36.2-20240920164238-5a7b106cbb87.1 h1:laCIQalEieFOxgzV19GyoOXwrdKjZhn7zFXt3YNkeAc=
buf.build/gen/go/bufbuild/protovalidate/protocolbuffers/go v1.36.2-20240920164238-5a7b106cbb87.1/go.mod h1:JnMVLi3qrNYPODVpEKG7UjHLl/d2zR221e66YCSmP2Q=
buf.build/gen/go/formal/core/connectrpc/go v1.17.0-20241217025140-d3fe4cb0531a.1 h1:RMXCRRyXfYxsQv51jmT8M/K1XMOaJFOkbXsSoJeeXVs=
buf.build/gen/go/formal/core/connectrpc/go v1.17.0-20241217025140-d3fe4cb0531a.1/go.mod h1:UiIPoq5SCW11ufi3gjmzZDeKuTZYH8JI3yUKAZ7g2WU=
buf.build/gen/go/formal/core/connectrpc/go v1.18.1-20250124000550-b867e4dbb7dd.1 h1:fpXWawIH77B3b5U7BdNhmlDnJKSWiE6fkiAfbOm7lkM=
buf.build/gen/go/formal/core/connectrpc/go v1.18.1-20250124000550-b867e4dbb7dd.1/go.mod h1:A8aoQX8LS4GjuzTQGc9LCQ7VXHr6Z7aAn4JvKviojMk=
buf.build/gen/go/formal/core/protocolbuffers/go v1.36.0-20241217025140-d3fe4cb0531a.1 h1:qZKINenI//RVmhHSK3HY+8UCzxOHsaGB2/uum7yHrt0=
buf.build/gen/go/formal/core/protocolbuffers/go v1.36.0-20241217025140-d3fe4cb0531a.1/go.mod h1:8iK8Xi7pcOyFXIPCIe5rRKMVgsF6xq/GOLhu7H3kq0g=
buf.build/gen/go/formal/core/protocolbuffers/go v1.36.2-20250124000550-b867e4dbb7dd.1 h1:VBjgtOpXhfneZMp4OcfuGL9cF3zHoj4MpNeLZ86GZqc=
buf.build/gen/go/formal/core/protocolbuffers/go v1.36.2-20250124000550-b867e4dbb7dd.1/go.mod h1:+lrB46szNx08ENAemIDokWrZEERQbQzaMl5MpObMlTw=
buf.build/gen/go/grpc-ecosystem/grpc-gateway/protocolbuffers/go v1.36.2-20240617172850-a48fcebcf8f1.1 h1:8QbDClbZ4lHYfljSrrS4+mElvMktRGj1iea3CJ1Pvac=
buf.build/gen/go/grpc-ecosystem/grpc-gateway/protocolbuffers/go v1.36.2-20240617172850-a48fcebcf8f1.1/go.mod h1:hTOBKINwGHfMDBYzf2rUhU43p7h+ySnNrgEDmT+iOQY=
connectrpc.com/connect v1.17.0 h1:W0ZqMhtVzn9Zhn2yATuUokDLO5N+gIuBWMOnsQrfmZk=
connectrpc.com/connect v1.17.0/go.mod h1:0292hj1rnx8oFrStN7cB4jjVBeqs+Yx5yDIC2prWDO8=
connectrpc.com/connect v1.18.1 h1:PAg7CjSAGvscaf6YZKUefjoih5Z/qYkyaTrBW8xvYPw=
connectrpc.com/connect v1.18.1/go.mod h1:0292hj1rnx8oFrStN7cB4jjVBeqs+Yx5yDIC2prWDO8=
github.com/google/go-cmp v0.5.9 h1:O2Tfq5qg4qc4AmwVlvv0oLiVAGB7enBSJ2x2DqQFi38=
github.com/google/go-cmp v0.5.9/go.mod h1:17dUlkBOakJ0+DkrSSNjCkIjxS6bF9zb3elmeNGIjoY=
golang.org/x/net v0.23.0 h1:7EYJ93RZ9vYSZAIb2x3lnuvqO5zneoD6IvWjuhfxjTs=
golang.org/x/net v0.23.0/go.mod h1:JKghWKKOSdJwpW2GEx0Ja7fmaKnMsbu+MWVZTokSYmg=
golang.org/x/text v0.14.0 h1:ScX5w1eTa3QqT8oi6+ziP7dTV1S2+ALU0bI+0zXKWiQ=
golang.org/x/text v0.14.0/go.mod h1:18ZOQIKpY8NJVqYksKHtTdi31H5itFRjB5/qKTNYzSU=
google.golang.org/genproto/googleapis/api v0.0.0-20250127172529-29210b9bc287 h1:A2ni10G3UlplFrWdCDJTl7D7mJ7GSRm37S+PDimaKRw=
google.golang.org/genproto/googleapis/api v0.0.0-20250127172529-29210b9bc287/go.mod h1:iYONQfRdizDB8JJBybql13nArx91jcUk7zCXEsOofM4=
google.golang.org/protobuf v1.36.0 h1:mjIs9gYtt56AzC4ZaffQuh88TZurBGhIJMBZGSxNerQ=
google.golang.org/protobuf v1.36.0/go.mod h1:9fA7Ob0pmnwhb644+1+CVWFRbNajQ6iRojtC/QF5bRE=
google.golang.org/protobuf v1.36.4 h1:6A3ZDJHn/eNqc1i+IdefRzy/9PokBTPvcqMySR7NNIM=
google.golang.org/protobuf v1.36.4/go.mod h1:9fA7Ob0pmnwhb644+1+CVWFRbNajQ6iRojtC/QF5bRE=
