buf.build/gen/go/bufbuild/protovalidate/protocolbuffers/go v1.34.2-20240717164558-a6c49f84cc0f.2 h1:SZRVx928rbYZ6hEKUIN+vtGDkl7uotABRWGY4OAg5gM=
buf.build/gen/go/bufbuild/protovalidate/protocolbuffers/go v1.34.2-20240717164558-a6c49f84cc0f.2/go.mod h1:ylS4c28ACSI59oJrOdW4pHS4n0Hw4TgSPHn8rpHl4Yw=
buf.build/gen/go/formal/core/connectrpc/go v1.16.2-20240822155002-cb064c9c3548.1 h1:UHASE6Lhm7jQK/exx1G4PKark3Z1YGMegTvKT2eM1Ck=
buf.build/gen/go/formal/core/connectrpc/go v1.16.2-20240822155002-cb064c9c3548.1/go.mod h1:tsfN93O7z5trmwIB/vXR5fGkZB+UzD+GuY4C6d1SCoA=
buf.build/gen/go/formal/core/connectrpc/go v1.16.2-20240826214847-d8f9860bbd55.1 h1:UUJKKxr0MM9e+B+pwhNfoNNjhsyEqLbsdAcuU+m9+R0=
buf.build/gen/go/formal/core/connectrpc/go v1.16.2-20240826214847-d8f9860bbd55.1/go.mod h1:WL8FmWm7LrBUU5D+1/tPfI0Q7+Wp6KKrHDpVXzLExTA=
buf.build/gen/go/formal/core/connectrpc/go v1.16.2-20240827083803-76ebe1341f33.1 h1:WWVycZDsCDvURbYbF0KSJEvsZbqn1YJm4tMWTtf6yUc=
buf.build/gen/go/formal/core/connectrpc/go v1.16.2-20240827083803-76ebe1341f33.1/go.mod h1:YlzXZYHkF1D8sAqeupaMmTkUcwJEmI9rRCJat5n8/Tw=
buf.build/gen/go/formal/core/protocolbuffers/go v1.34.2-20240822155002-cb064c9c3548.2 h1:MKKU2c59BqbRPfVTz+vkBs3D2hfuK3mZGNi3qaMdgYk=
buf.build/gen/go/formal/core/protocolbuffers/go v1.34.2-20240822155002-cb064c9c3548.2/go.mod h1:BRxD4gyxLxZWBF3k8YaS1y8FixerWCiju0Zo8Ve8Enk=
buf.build/gen/go/formal/core/protocolbuffers/go v1.34.2-20240826214847-d8f9860bbd55.2 h1:YKexTckbtRU83G1/rTUsZXwR3RL7/qxE/WChN9E92Gs=
buf.build/gen/go/formal/core/protocolbuffers/go v1.34.2-20240826214847-d8f9860bbd55.2/go.mod h1:BRxD4gyxLxZWBF3k8YaS1y8FixerWCiju0Zo8Ve8Enk=
connectrpc.com/connect v1.16.2 h1:ybd6y+ls7GOlb7Bh5C8+ghA6SvCBajHwxssO2CGFjqE=
connectrpc.com/connect v1.16.2/go.mod h1:n2kgwskMHXC+lVqb18wngEpF95ldBHXjZYJussz5FRc=
github.com/google/go-cmp v0.5.9 h1:O2Tfq5qg4qc4AmwVlvv0oLiVAGB7enBSJ2x2DqQFi38=
github.com/google/go-cmp v0.5.9/go.mod h1:17dUlkBOakJ0+DkrSSNjCkIjxS6bF9zb3elmeNGIjoY=
golang.org/x/net v0.23.0 h1:7EYJ93RZ9vYSZAIb2x3lnuvqO5zneoD6IvWjuhfxjTs=
golang.org/x/net v0.23.0/go.mod h1:JKghWKKOSdJwpW2GEx0Ja7fmaKnMsbu+MWVZTokSYmg=
golang.org/x/text v0.14.0 h1:ScX5w1eTa3QqT8oi6+ziP7dTV1S2+ALU0bI+0zXKWiQ=
golang.org/x/text v0.14.0/go.mod h1:18ZOQIKpY8NJVqYksKHtTdi31H5itFRjB5/qKTNYzSU=
google.golang.org/protobuf v1.34.2 h1:6xV6lTsCfpGD21XK49h7MhtcApnLqkfYgPcdHftf6hg=
google.golang.org/protobuf v1.34.2/go.mod h1:qYOHts0dSfpeUzUFpOMr/WGzszTmLH+DiWniOlNbLDw=
