buf.build/gen/go/formal/admin/bufbuild/connect-go v1.7.0-20230518165131-f1037834d4a0.1 h1:ogAB2Dlbi5dNm1+XUfXtd6/N2miF70bzP8/O37IbfR0=
buf.build/gen/go/formal/admin/bufbuild/connect-go v1.7.0-20230518165131-f1037834d4a0.1/go.mod h1:x4avF1TaGw5FWgzYMgm9tPOg8NujqlOGAWuK7OFHmQw=
buf.build/gen/go/formal/admin/bufbuild/connect-go v1.9.0-20230626140508-550959b7bbdd.1 h1:oqjMepC9Z34uD0HIUnZfi1iIPESpnAtrEyl8Vs2UkXI=
buf.build/gen/go/formal/admin/bufbuild/connect-go v1.9.0-20230626140508-550959b7bbdd.1/go.mod h1:iGeTG3FYxmLCVFj82nFVsOeaI8FuCUHtLNIxTQwKSFc=
buf.build/gen/go/formal/admin/bufbuild/connect-go v1.9.0-20230706003847-b8461d7f37ba.1 h1:qQR+qLNiaktaJQ8rqmYeO4WBXsS5AWwb1r06gAz3Ldo=
buf.build/gen/go/formal/admin/bufbuild/connect-go v1.9.0-20230706003847-b8461d7f37ba.1/go.mod h1:E8QDaJTFaq4j1xo37JandEr4niBDBeYxzrwLsY7ZczA=
buf.build/gen/go/formal/admin/bufbuild/connect-go v1.9.0-20230706213242-becba606ffbe.1 h1:Ush+P1P+uIHdez9XrqNJ+2oUwxHA7bcKvq9+XijwHb4=
buf.build/gen/go/formal/admin/bufbuild/connect-go v1.9.0-20230706213242-becba606ffbe.1/go.mod h1:3cSykLFOvZGHlmVwE/PcoyNL6FF0dddgQ9QzJ9WFf4w=
buf.build/gen/go/formal/admin/bufbuild/connect-go v1.9.0-20230712154500-9a00e7608b98.1 h1:5Kr/Oe730owv2RGKZ6YEllV1BiMPob6whS9kOUiTs0U=
buf.build/gen/go/formal/admin/bufbuild/connect-go v1.9.0-20230712154500-9a00e7608b98.1/go.mod h1:fvviE7rItdUooJWhINqR00giYrJyE4qWLvBQmvS92L8=
buf.build/gen/go/formal/admin/bufbuild/connect-go v1.9.0-20230713045234-1f5f17e6caee.1 h1:lPHjTzBOBdG1T172wZVyg5tIe+7xIKM+udRVVrRJm7w=
buf.build/gen/go/formal/admin/bufbuild/connect-go v1.9.0-20230713045234-1f5f17e6caee.1/go.mod h1:/wdsfdUIqvUvbLoa6fSDAgx+O9oEfi9PQqvcKHfs8Zw=
buf.build/gen/go/formal/admin/bufbuild/connect-go v1.9.0-20230717000601-6d53c797b416.1 h1:mhqId3aPkGkYeW4bf83E1YdBak0IA/tsT72i4ewrZyM=
buf.build/gen/go/formal/admin/bufbuild/connect-go v1.9.0-20230717000601-6d53c797b416.1/go.mod h1:zZbw8p/gxVZvFzDyLNViWP5MJGjog8f7am0RsI4lcL8=
buf.build/gen/go/formal/admin/bufbuild/connect-go v1.9.0-20230719131104-a4c546194b05.1 h1:zb8bX5F+9f34650eit95+FEELwCL/kjlXPZ5p4NLANo=
buf.build/gen/go/formal/admin/bufbuild/connect-go v1.9.0-20230719131104-a4c546194b05.1/go.mod h1:Ifnyq1u62mhxu/J9GGTq2knb0/mnDRg7GJONo/Rc1k0=
buf.build/gen/go/formal/admin/bufbuild/connect-go v1.9.0-20230719145954-c13f9edfe18e.1 h1:cQ7hC/sovQ39Bux9UcSLDttz7Cv2tbhv3gxH/MS9XiM=
buf.build/gen/go/formal/admin/bufbuild/connect-go v1.9.0-20230719145954-c13f9edfe18e.1/go.mod h1:3c7JWDYmVuxmhWJZVv661d/qQ+On7mKEyBO12bcc0jo=
buf.build/gen/go/formal/admin/bufbuild/connect-go v1.9.0-20230719172416-992604c4d08f.1 h1:1YaSa1pHN/MmQuz0U4byEF5TSaUDM/13uRkd1EQMqmc=
buf.build/gen/go/formal/admin/bufbuild/connect-go v1.9.0-20230719172416-992604c4d08f.1/go.mod h1:mg8vMIvDlNsam6r7ptSNP/ESoopP15dmYIJDi3CmH9Y=
buf.build/gen/go/formal/admin/bufbuild/connect-go v1.9.0-20230720010753-e1c9e05a0640.1 h1:Fm1LyIS24YK+dFx4CbBGOvdmjvydMB8uke2UY2DbG00=
buf.build/gen/go/formal/admin/bufbuild/connect-go v1.9.0-20230720010753-e1c9e05a0640.1/go.mod h1:bl4EpGb6OKmtsrenIlgPVvnsNx1wBoHF1rKZG5BWmQ0=
buf.build/gen/go/formal/admin/bufbuild/connect-go v1.9.0-20230720025006-0caf5e9d5da3.1 h1:sdXl25n0rX/ErNoj0WshNMfxbydumjOAvEdHbpHfYDg=
buf.build/gen/go/formal/admin/bufbuild/connect-go v1.9.0-20230720025006-0caf5e9d5da3.1/go.mod h1:Tz4iVWsvd1WpT5srhvRpPl1uEBTY0Py0Ez6h+TEMHS8=
buf.build/gen/go/formal/admin/bufbuild/connect-go v1.9.0-20230720025450-55cbf1ab319b.1 h1:DQQAdIMvD7DPjzzbmg+WppBg11AZcNrhy+uqpM2oqSA=
buf.build/gen/go/formal/admin/bufbuild/connect-go v1.9.0-20230720025450-55cbf1ab319b.1/go.mod h1:gNlzRU0jDqvyZxj/yyEcxlNiy025SCwsLl9rJzPR5tc=
buf.build/gen/go/formal/admin/bufbuild/connect-go v1.9.0-20230720030319-7f0628f4e9df.1 h1:T5FcdLnGcIptgDzcFlEswLus0k7Db9eBxLBxGpHmIQY=
buf.build/gen/go/formal/admin/bufbuild/connect-go v1.9.0-20230720030319-7f0628f4e9df.1/go.mod h1:vZ9qMkVNhgHQuOkuYQPpV4P4wu1vPQVkZU+n7/YyQn0=
buf.build/gen/go/formal/admin/protocolbuffers/go v1.30.0-20230518165131-f1037834d4a0.1 h1:IxUEGRdRgDRs5wkzQimHMGk7MFLw1lRaVhjLFhlstj4=
buf.build/gen/go/formal/admin/protocolbuffers/go v1.30.0-20230518165131-f1037834d4a0.1/go.mod h1:Sa5SUoh2vKkTD+YPzChjBN/HzogkOjfUHfqP0cMReHE=
buf.build/gen/go/formal/admin/protocolbuffers/go v1.31.0-20230626140508-550959b7bbdd.1 h1:8a2/SDy1IktrILiKArNEUO+tZNsoQqnGLSzfP0nqLNQ=
buf.build/gen/go/formal/admin/protocolbuffers/go v1.31.0-20230626140508-550959b7bbdd.1/go.mod h1:tT2ehgfLh5ummBwlcRRUHwLr5Xh7Sy1lYZTjZwCDoWo=
buf.build/gen/go/formal/admin/protocolbuffers/go v1.31.0-20230706003847-b8461d7f37ba.1 h1:fsybkkf/t8pOkQPUNlbtRqYuyzNQhbrN+RMT17Lugs8=
buf.build/gen/go/formal/admin/protocolbuffers/go v1.31.0-20230706003847-b8461d7f37ba.1/go.mod h1:tT2ehgfLh5ummBwlcRRUHwLr5Xh7Sy1lYZTjZwCDoWo=
buf.build/gen/go/formal/admin/protocolbuffers/go v1.31.0-20230706213242-becba606ffbe.1 h1:suzxw0At5EXRQp0qGnGpUqtbes4uMmc4KKi+XHGYW94=
buf.build/gen/go/formal/admin/protocolbuffers/go v1.31.0-20230706213242-becba606ffbe.1/go.mod h1:tT2ehgfLh5ummBwlcRRUHwLr5Xh7Sy1lYZTjZwCDoWo=
buf.build/gen/go/formal/admin/protocolbuffers/go v1.31.0-20230712154500-9a00e7608b98.1 h1:kmz06+mHpemJ0L3olUi6rrEk2Byv0YrVC7HecIW5fPA=
buf.build/gen/go/formal/admin/protocolbuffers/go v1.31.0-20230712154500-9a00e7608b98.1/go.mod h1:tT2ehgfLh5ummBwlcRRUHwLr5Xh7Sy1lYZTjZwCDoWo=
buf.build/gen/go/formal/admin/protocolbuffers/go v1.31.0-20230713045234-1f5f17e6caee.1 h1:PTEDaF/7GdyeDU3xOtLvXKc8zC/LXRXjKhWOS+b6azg=
buf.build/gen/go/formal/admin/protocolbuffers/go v1.31.0-20230713045234-1f5f17e6caee.1/go.mod h1:tT2ehgfLh5ummBwlcRRUHwLr5Xh7Sy1lYZTjZwCDoWo=
buf.build/gen/go/formal/admin/protocolbuffers/go v1.31.0-20230717000601-6d53c797b416.1 h1:DvWL6KGYz2kjwYErJkXR+736ZlniTIRJIOitZGxJ66I=
buf.build/gen/go/formal/admin/protocolbuffers/go v1.31.0-20230717000601-6d53c797b416.1/go.mod h1:tT2ehgfLh5ummBwlcRRUHwLr5Xh7Sy1lYZTjZwCDoWo=
buf.build/gen/go/formal/admin/protocolbuffers/go v1.31.0-20230719131104-a4c546194b05.1 h1:EfNZuXrFfJTQc3epeGsh5VMdej/65xAcMkwoRTR+HW8=
buf.build/gen/go/formal/admin/protocolbuffers/go v1.31.0-20230719131104-a4c546194b05.1/go.mod h1:tT2ehgfLh5ummBwlcRRUHwLr5Xh7Sy1lYZTjZwCDoWo=
buf.build/gen/go/formal/admin/protocolbuffers/go v1.31.0-20230719145954-c13f9edfe18e.1 h1:smPgGSsHSbDOvkEIi3kuQ/I+UnLsokJ4ogrU1lT2Xrs=
buf.build/gen/go/formal/admin/protocolbuffers/go v1.31.0-20230719145954-c13f9edfe18e.1/go.mod h1:tT2ehgfLh5ummBwlcRRUHwLr5Xh7Sy1lYZTjZwCDoWo=
buf.build/gen/go/formal/admin/protocolbuffers/go v1.31.0-20230719172416-992604c4d08f.1 h1:IOtdGQGo8Izoo/bAurPeDKRXjzRSDha1KTgqaedyZ+M=
buf.build/gen/go/formal/admin/protocolbuffers/go v1.31.0-20230719172416-992604c4d08f.1/go.mod h1:tT2ehgfLh5ummBwlcRRUHwLr5Xh7Sy1lYZTjZwCDoWo=
buf.build/gen/go/formal/admin/protocolbuffers/go v1.31.0-20230720010753-e1c9e05a0640.1 h1:T2xFqPim7XCP0zyLvN4XrWGx7oJvEWIlUUDb4WdyTqw=
buf.build/gen/go/formal/admin/protocolbuffers/go v1.31.0-20230720010753-e1c9e05a0640.1/go.mod h1:tT2ehgfLh5ummBwlcRRUHwLr5Xh7Sy1lYZTjZwCDoWo=
buf.build/gen/go/formal/admin/protocolbuffers/go v1.31.0-20230720025006-0caf5e9d5da3.1 h1:SXfUZsP+0279PvgAUxxSnyeakuOEUDqywD88FlZOIUY=
buf.build/gen/go/formal/admin/protocolbuffers/go v1.31.0-20230720025006-0caf5e9d5da3.1/go.mod h1:tT2ehgfLh5ummBwlcRRUHwLr5Xh7Sy1lYZTjZwCDoWo=
buf.build/gen/go/formal/admin/protocolbuffers/go v1.31.0-20230720025450-55cbf1ab319b.1 h1:vAMA4yNcoAvmapCJ4vZCHc7SA1ZFfttaqLx8uTiDBeM=
buf.build/gen/go/formal/admin/protocolbuffers/go v1.31.0-20230720025450-55cbf1ab319b.1/go.mod h1:tT2ehgfLh5ummBwlcRRUHwLr5Xh7Sy1lYZTjZwCDoWo=
buf.build/gen/go/formal/admin/protocolbuffers/go v1.31.0-20230720030319-7f0628f4e9df.1 h1:gbQr2F10+BVobCnuYHwHOZ24dG3RkJLD2Muoh6pTuk4=
buf.build/gen/go/formal/admin/protocolbuffers/go v1.31.0-20230720030319-7f0628f4e9df.1/go.mod h1:tT2ehgfLh5ummBwlcRRUHwLr5Xh7Sy1lYZTjZwCDoWo=
github.com/bufbuild/connect-go v1.7.0 h1:MGp82v7SCza+3RhsVhV7aMikwxvI3ZfD72YiGt8FYJo=
github.com/bufbuild/connect-go v1.7.0/go.mod h1:GmMJYR6orFqD0Y6ZgX8pwQ8j9baizDrIQMm1/a6LnHk=
github.com/bufbuild/connect-go v1.9.0 h1:JIgAeNuFpo+SUPfU19Yt5TcWlznsN5Bv10/gI/6Pjoc=
github.com/bufbuild/connect-go v1.9.0/go.mod h1:CAIePUgkDR5pAFaylSMtNK45ANQjp9JvpluG20rhpV8=
github.com/golang/protobuf v1.5.0/go.mod h1:FsONVRAS9T7sI+LIUmWTfcYkHO4aIWwzhcaSAoJOfIk=
github.com/google/go-cmp v0.5.5/go.mod h1:v8dTdLbMG2kIc/vJvl+f65V22dbkXbowE6jgT/gNBxE=
github.com/google/go-cmp v0.5.9 h1:O2Tfq5qg4qc4AmwVlvv0oLiVAGB7enBSJ2x2DqQFi38=
golang.org/x/xerrors v0.0.0-20191204190536-9bdfabe68543/go.mod h1:I/5z698sn9Ka8TeJc9MKroUUfqBBauWjQqLJ2OPfmY0=
google.golang.org/protobuf v1.26.0-rc.1/go.mod h1:jlhhOSvTdKEhbULTjvd4ARK9grFBp09yW+WbY/TyQbw=
google.golang.org/protobuf v1.30.0 h1:kPPoIgf3TsEvrm0PFe15JQ+570QVxYzEvvHqChK+cng=
google.golang.org/protobuf v1.30.0/go.mod h1:HV8QOd/L58Z+nl8r43ehVNZIU/HEI6OcFqwMG9pJV4I=
google.golang.org/protobuf v1.31.0 h1:g0LDEJHgrBl9N9r17Ru3sqWhkIx2NB67okBHPwC7hs8=
google.golang.org/protobuf v1.31.0/go.mod h1:HV8QOd/L58Z+nl8r43ehVNZIU/HEI6OcFqwMG9pJV4I=
